{
  "name": "learning-offline-web-applications",
  "version": "1.0.0",
  "lockfileVersion": 1,
  "requires": true,
  "dependencies": {
    "idb": {
      "version": "5.0.4",
      "resolved": "https://registry.npmjs.org/idb/-/idb-5.0.4.tgz",
      "integrity": "sha512-g+CRa0NLB5R+VTd8UQK/J8eEPlZk82iwekJQOYA0bFJsc7TGDKyBywNmLBUdHPUyyazV1wN8DdHhSKzEX9Z9kQ=="
    }
  }
}
